<?xml version="1.0" encoding="utf-8"?>
<Project ToolsVersion="4.0" xmlns="http://schemas.microsoft.com/developer/msbuild/2003">
  <ItemGroup>
    <Filter Include="Source Files">
      <UniqueIdentifier>{4FC737F1-C7A5-4376-A066-2A32D752A2FF}</UniqueIdentifier>
      <Extensions>cpp;c;cc;cxx;def;odl;idl;hpj;bat;asm;asmx</Extensions>
    </Filter>
    <Filter Include="Header Files">
      <UniqueIdentifier>{93995380-89BD-4b04-88EB-625FBE52EBFB}</UniqueIdentifier>
      <Extensions>h;hpp;hxx;hm;inl;inc;xsd</Extensions>
    </Filter>
    <Filter Include="Resource Files">
      <UniqueIdentifier>{67DA6AB6-F800-4c08-8B7A-83BB121AAD01}</UniqueIdentifier>
      <Extensions>rc;ico;cur;bmp;dlg;rc2;rct;bin;rgs;gif;jpg;jpeg;jpe;resx;tiff;tif;png;wav;mfcribbon-ms</Extensions>
    </Filter>
    <Filter Include="Header Files\alphablend">
      <UniqueIdentifier>{6c36563d-fcf3-4579-8198-b84cf15d0a23}</UniqueIdentifier>
    </Filter>
    <Filter Include="Header Files\pnglib">
      <UniqueIdentifier>{73af6a59-4db0-4506-8b08-240606c720c5}</UniqueIdentifier>
    </Filter>
    <Filter Include="Header Files\tinyxml">
      <UniqueIdentifier>{16d11179-11d2-41a7-9e5e-c187d2edb8f6}</UniqueIdentifier>
    </Filter>
    <Filter Include="Source Files\tinyxml">
      <UniqueIdentifier>{30f007cd-d1ca-4a8a-b26d-767819d4097e}</UniqueIdentifier>
    </Filter>
    <Filter Include="Header Files\uFMOD">
      <UniqueIdentifier>{440506fd-9c6d-4f9e-8c37-4856c68e7620}</UniqueIdentifier>
    </Filter>
  </ItemGroup>
  <ItemGroup>
    <ClInclude Include="include\CChild.h">
      <Filter>Header Files</Filter>
    </ClInclude>
    <ClInclude Include="include\CLabel.h">
      <Filter>Header Files</Filter>
    </ClInclude>
    <ClInclude Include="include\CUrl.h">
      <Filter>Header Files</Filter>
    </ClInclude>
    <ClInclude Include="include\CWindow.h">
      <Filter>Header Files</Filter>
    </ClInclude>
    <ClInclude Include="patchLib.h" />
    <ClInclude Include="include\imagehelper.h">
      <Filter>Header Files</Filter>
    </ClInclude>
    <ClInclude Include="alphablend\alphablend.h">
      <Filter>Header Files\alphablend</Filter>
    </ClInclude>
    <ClInclude Include="pnglib\PNGlib.h">
      <Filter>Header Files\pnglib</Filter>
    </ClInclude>
    <ClInclude Include="tinyxml\tinystr.h">
      <Filter>Header Files\tinyxml</Filter>
    </ClInclude>
    <ClInclude Include="tinyxml\tinyxml.h">
      <Filter>Header Files\tinyxml</Filter>
    </ClInclude>
    <ClInclude Include="include\CScroller.h">
      <Filter>Header Files</Filter>
    </ClInclude>
    <ClInclude Include="include\CButton.h">
      <Filter>Header Files</Filter>
    </ClInclude>
    <ClInclude Include="include\CMusic.h">
      <Filter>Header Files</Filter>
    </ClInclude>
    <ClInclude Include="ufmod\ufmod.h">
      <Filter>Header Files\uFMOD</Filter>
    </ClInclude>
  </ItemGroup>
  <ItemGroup>
    <ClCompile Include="src\CPatchLib.cpp">
      <Filter>Source Files</Filter>
    </ClCompile>
    <ClCompile Include="src\CWindow.cpp">
      <Filter>Source Files</Filter>
    </ClCompile>
    <ClCompile Include="src\CLabel.cpp">
      <Filter>Source Files</Filter>
    </ClCompile>
    <ClCompile Include="src\CUrl.cpp">
      <Filter>Source Files</Filter>
    </ClCompile>
    <ClCompile Include="tinyxml\tinystr.cpp">
      <Filter>Source Files\tinyxml</Filter>
    </ClCompile>
    <ClCompile Include="tinyxml\tinyxml.cpp">
      <Filter>Source Files\tinyxml</Filter>
    </ClCompile>
    <ClCompile Include="tinyxml\tinyxmlerror.cpp">
      <Filter>Source Files\tinyxml</Filter>
    </ClCompile>
    <ClCompile Include="tinyxml\tinyxmlparser.cpp">
      <Filter>Source Files\tinyxml</Filter>
    </ClCompile>
    <ClCompile Include="src\CChild.cpp">
      <Filter>Source Files</Filter>
    </ClCompile>
    <ClCompile Include="src\CScroller.cpp">
      <Filter>Source Files</Filter>
    </ClCompile>
    <ClCompile Include="src\CButton.cpp">
      <Filter>Source Files</Filter>
    </ClCompile>
    <ClCompile Include="src\CMusic.cpp">
      <Filter>Source Files</Filter>
    </ClCompile>
  </ItemGroup>
  <ItemGroup>
    <Object Include="ufmod\ufmod.obj">
      <Filter>Resource Files</Filter>
    </Object>
  </ItemGroup>
</Project>